
Microsoft Visual Studio Solution File, Format Version 12.00
# Visual Studio Version 17
VisualStudioVersion = 17.14.36616.10
MinimumVisualStudioVersion = 10.0.40219.1
Project("{FAE04EC0-301F-11D3-BF4B-00C04F79EFBC}") = "ArkRealDealScrapper.Worker", "ArkRealDealScrapper.Worker.csproj", "{3808F9C1-1B27-41C4-BF62-5562A85B4FC5}"
EndProject
Project("{FAE04EC0-301F-11D3-BF4B-00C04F79EFBC}") = "ArkRealDealScrapper.Core", "..\ArkRealDealScrapper.Core\ArkRealDealScrapper.Core.csproj", "{9141C987-7CB6-4B6E-94F3-F429BBF36570}"
EndProject
Project("{FAE04EC0-301F-11D3-BF4B-00C04F79EFBC}") = "ArkRealDealScrapper.Infrastructure", "..\ArkRealDealScrapper.Infrastructure\ArkRealDealScrapper.Infrastructure.csproj", "{1ABB4C5B-EAB4-4674-B221-9BE3D8B1ABF8}"
EndProject
Project("{2150E333-8FDC-42A3-9474-1A3956D46DE8}") = "Solution Items", "Solution Items", "{8EC462FD-D22E-90A8-E5CE-7E832BA40C5D}"
	ProjectSection(SolutionItems) = preProject
		.gitignore = .gitignore
	EndProjectSection
EndProject
Global
	GlobalSection(SolutionConfigurationPlatforms) = preSolution
		Debug|Any CPU = Debug|Any CPU
		Release|Any CPU = Release|Any CPU
	EndGlobalSection
	GlobalSection(ProjectConfigurationPlatforms) = postSolution
		{3808F9C1-1B27-41C4-BF62-5562A85B4FC5}.Debug|Any CPU.ActiveCfg = Debug|Any CPU
		{3808F9C1-1B27-41C4-BF62-5562A85B4FC5}.Debug|Any CPU.Build.0 = Debug|Any CPU
		{3808F9C1-1B27-41C4-BF62-5562A85B4FC5}.Release|Any CPU.ActiveCfg = Release|Any CPU
		{3808F9C1-1B27-41C4-BF62-5562A85B4FC5}.Release|Any CPU.Build.0 = Release|Any CPU
		{9141C987-7CB6-4B6E-94F3-F429BBF36570}.Debug|Any CPU.ActiveCfg = Debug|Any CPU
		{9141C987-7CB6-4B6E-94F3-F429BBF36570}.Debug|Any CPU.Build.0 = Debug|Any CPU
		{9141C987-7CB6-4B6E-94F3-F429BBF36570}.Release|Any CPU.ActiveCfg = Release|Any CPU
		{9141C987-7CB6-4B6E-94F3-F429BBF36570}.Release|Any CPU.Build.0 = Release|Any CPU
		{1ABB4C5B-EAB4-4674-B221-9BE3D8B1ABF8}.Debug|Any CPU.ActiveCfg = Debug|Any CPU
		{1ABB4C5B-EAB4-4674-B221-9BE3D8B1ABF8}.Debug|Any CPU.Build.0 = Debug|Any CPU
		{1ABB4C5B-EAB4-4674-B221-9BE3D8B1ABF8}.Release|Any CPU.ActiveCfg = Release|Any CPU
		{1ABB4C5B-EAB4-4674-B221-9BE3D8B1ABF8}.Release|Any CPU.Build.0 = Release|Any CPU
	EndGlobalSection
	GlobalSection(SolutionProperties) = preSolution
		HideSolutionNode = FALSE
	EndGlobalSection
	GlobalSection(ExtensibilityGlobals) = postSolution
		SolutionGuid = {33B64D72-7FAE-44C3-BBD2-C676DEDB7BF4}
	EndGlobalSection
EndGlobal
